
Microsoft Visual Studio Solution File, Format Version 12.00
# Visual Studio Version 16
VisualStudioVersion = 16.0.30523.141
MinimumVisualStudioVersion = 10.0.40219.1
Project("{FAE04EC0-301F-11D3-BF4B-00C04F79EFBC}") = "Laba_5", "Laba_5\Laba_5.csproj", "{ABE92633-5B4C-40D7-9DC2-1EC70E78CF71}"
EndProject
Global
	GlobalSection(SolutionConfigurationPlatforms) = preSolution
		Debug|Any CPU = Debug|Any CPU
		Release|Any CPU = Release|Any CPU
	EndGlobalSection
	GlobalSection(ProjectConfigurationPlatforms) = postSolution
		{ABE92633-5B4C-40D7-9DC2-1EC70E78CF71}.Debug|Any CPU.ActiveCfg = Debug|Any CPU
		{ABE92633-5B4C-40D7-9DC2-1EC70E78CF71}.Debug|Any CPU.Build.0 = Debug|Any CPU
		{ABE92633-5B4C-40D7-9DC2-1EC70E78CF71}.Release|Any CPU.ActiveCfg = Release|Any CPU
		{ABE92633-5B4C-40D7-9DC2-1EC70E78CF71}.Release|Any CPU.Build.0 = Release|Any CPU
	EndGlobalSection
	GlobalSection(SolutionProperties) = preSolution
		HideSolutionNode = FALSE
	EndGlobalSection
	GlobalSection(ExtensibilityGlobals) = postSolution
		SolutionGuid = {EA54410F-9A82-44B8-9369-370F80BDAB66}
	EndGlobalSection
EndGlobal
